{
  "version": 4,
  "terraform_version": "1.9.5",
  "serial": 138,
  "lineage": "69d594b2-b065-99d7-e1f5-78586128137d",
  "outputs": {},
  "resources": [
    {
      "mode": "managed",
      "type": "aws_ecr_repository",
      "name": "app",
      "provider": "provider[\"registry.terraform.io/hashicorp/aws\"]",
      "instances": [
        {
          "schema_version": 0,
          "attributes": {
            "arn": "arn:aws:ecr:us-east-1:851725642392:repository/eks-devops-demo-app",
            "encryption_configuration": [
              {
                "encryption_type": "AES256",
                "kms_key": ""
              }
            ],
            "force_delete": null,
            "id": "eks-devops-demo-app",
            "image_scanning_configuration": [
              {
                "scan_on_push": true
              }
            ],
            "image_tag_mutability": "MUTABLE",
            "name": "eks-devops-demo-app",
            "registry_id": "851725642392",
            "repository_url": "851725642392.dkr.ecr.us-east-1.amazonaws.com/eks-devops-demo-app",
            "tags": {},
            "tags_all": {},
            "timeouts": null
          },
          "sensitive_attributes": [],
          "private": "eyJlMmJmYjczMC1lY2FhLTExZTYtOGY4OC0zNDM2M2JjN2M0YzAiOnsiZGVsZXRlIjoxMjAwMDAwMDAwMDAwfX0="
        }
      ]
    }
  ],
  "check_results": [
    {
      "object_kind": "resource",
      "config_addr": "module.eks.module.eks_managed_node_group.module.user_data.null_resource.validate_cluster_service_cidr",
      "status": "unknown",
      "objects": null
    },
    {
      "object_kind": "var",
      "config_addr": "module.eks.module.self_managed_node_group.var.platform",
      "status": "unknown",
      "objects": null
    },
    {
      "object_kind": "resource",
      "config_addr": "module.eks.module.self_managed_node_group.module.user_data.null_resource.validate_cluster_service_cidr",
      "status": "unknown",
      "objects": null
    }
  ]
}
